
Microsoft Visual Studio Solution File, Format Version 12.00
# Visual Studio 15
VisualStudioVersion = 15.0.34320.172
MinimumVisualStudioVersion = 10.0.40219.1
Project("{FAE04EC0-301F-11D3-BF4B-00C04F79EFBC}") = "ABC_Car_Traders_", "ABC_Car_Traders_\ABC_Car_Traders_.csproj", "{ACECD97B-DF9D-43FA-B076-D3776C0B85BC}"
EndProject
Global
	GlobalSection(SolutionConfigurationPlatforms) = preSolution
		Debug|Any CPU = Debug|Any CPU
		Release|Any CPU = Release|Any CPU
	EndGlobalSection
	GlobalSection(ProjectConfigurationPlatforms) = postSolution
		{ACECD97B-DF9D-43FA-B076-D3776C0B85BC}.Debug|Any CPU.ActiveCfg = Debug|Any CPU
		{ACECD97B-DF9D-43FA-B076-D3776C0B85BC}.Debug|Any CPU.Build.0 = Debug|Any CPU
		{ACECD97B-DF9D-43FA-B076-D3776C0B85BC}.Release|Any CPU.ActiveCfg = Release|Any CPU
		{ACECD97B-DF9D-43FA-B076-D3776C0B85BC}.Release|Any CPU.Build.0 = Release|Any CPU
	EndGlobalSection
	GlobalSection(SolutionProperties) = preSolution
		HideSolutionNode = FALSE
	EndGlobalSection
	GlobalSection(ExtensibilityGlobals) = postSolution
		SolutionGuid = {023CD264-2D06-4F4F-9663-DA1B8371993B}
	EndGlobalSection
EndGlobal
